
Microsoft Visual Studio Solution File, Format Version 12.00
# Visual Studio Version 16
VisualStudioVersion = 16.0.30711.63
MinimumVisualStudioVersion = 10.0.40219.1
Project("{FAE04EC0-301F-11D3-BF4B-00C04F79EFBC}") = "OWASP.ZAP.Selenium", "OWASP.ZAP.Selenium\OWASP.ZAP.Selenium.csproj", "{2A53AAC3-9C71-4374-9AB5-10DDE4108AD6}"
EndProject
Project("{FAE04EC0-301F-11D3-BF4B-00C04F79EFBC}") = "OWASP.ZAP.Test", "OWASP.ZAP.Test\OWASP.ZAP.Test.csproj", "{935A7C43-60E9-4155-913E-A594405BE969}"
EndProject
Global
	GlobalSection(SolutionConfigurationPlatforms) = preSolution
		Debug|Any CPU = Debug|Any CPU
		Release|Any CPU = Release|Any CPU
	EndGlobalSection
	GlobalSection(ProjectConfigurationPlatforms) = postSolution
		{2A53AAC3-9C71-4374-9AB5-10DDE4108AD6}.Debug|Any CPU.ActiveCfg = Debug|Any CPU
		{2A53AAC3-9C71-4374-9AB5-10DDE4108AD6}.Debug|Any CPU.Build.0 = Debug|Any CPU
		{2A53AAC3-9C71-4374-9AB5-10DDE4108AD6}.Release|Any CPU.ActiveCfg = Release|Any CPU
		{2A53AAC3-9C71-4374-9AB5-10DDE4108AD6}.Release|Any CPU.Build.0 = Release|Any CPU
		{935A7C43-60E9-4155-913E-A594405BE969}.Debug|Any CPU.ActiveCfg = Debug|Any CPU
		{935A7C43-60E9-4155-913E-A594405BE969}.Debug|Any CPU.Build.0 = Debug|Any CPU
		{935A7C43-60E9-4155-913E-A594405BE969}.Release|Any CPU.ActiveCfg = Release|Any CPU
		{935A7C43-60E9-4155-913E-A594405BE969}.Release|Any CPU.Build.0 = Release|Any CPU
	EndGlobalSection
	GlobalSection(SolutionProperties) = preSolution
		HideSolutionNode = FALSE
	EndGlobalSection
	GlobalSection(ExtensibilityGlobals) = postSolution
		SolutionGuid = {0A3F308A-3C64-4BC8-A29C-C73D45651728}
	EndGlobalSection
EndGlobal
